
Microsoft Visual Studio Solution File, Format Version 12.00
# Visual Studio Version 16
VisualStudioVersion = 16.0.31129.286
MinimumVisualStudioVersion = 10.0.40219.1
Project("{D954291E-2A0B-460D-934E-DC6B0785DB48}") = "UnoAppFactoryMethod.Shared", "UnoAppFactoryMethod\UnoAppFactoryMethod.Shared\UnoAppFactoryMethod.Shared.shproj", "{6279C845-92F8-4333-AB99-3D213163593C}"
EndProject
Project("{2150E333-8FDC-42A3-9474-1A3956D46DE8}") = "Platforms", "Platforms", "{63931D52-AA51-466A-9AD4-6E4C0D2065C8}"
EndProject
Project("{FAE04EC0-301F-11D3-BF4B-00C04F79EFBC}") = "UnoAppFactoryMethod.Droid", "UnoAppFactoryMethod\UnoAppFactoryMethod.Droid\UnoAppFactoryMethod.Droid.csproj", "{ABD2D89E-FC74-4D17-9D97-2BB9614F052D}"
EndProject
Project("{FAE04EC0-301F-11D3-BF4B-00C04F79EFBC}") = "UnoAppFactoryMethod.iOS", "UnoAppFactoryMethod\UnoAppFactoryMethod.iOS\UnoAppFactoryMethod.iOS.csproj", "{8FB31794-5CD5-49D6-8869-7B5186717410}"
EndProject
Project("{FAE04EC0-301F-11D3-BF4B-00C04F79EFBC}") = "UnoAppFactoryMethod.UWP", "UnoAppFactoryMethod\UnoAppFactoryMethod.UWP\UnoAppFactoryMethod.UWP.csproj", "{FBD86429-CB44-447D-B82A-AEC52DE20985}"
EndProject
Project("{FAE04EC0-301F-11D3-BF4B-00C04F79EFBC}") = "UnoAppFactoryMethod.Wasm", "UnoAppFactoryMethod\UnoAppFactoryMethod.Wasm\UnoAppFactoryMethod.Wasm.csproj", "{2950E7F3-59CF-452C-93E8-B1BAA9C902A1}"
EndProject
Project("{FAE04EC0-301F-11D3-BF4B-00C04F79EFBC}") = "UnoAppFactoryMethod.macOS", "UnoAppFactoryMethod\UnoAppFactoryMethod.macOS\UnoAppFactoryMethod.macOS.csproj", "{511A29ED-AE4E-4998-9BC2-C8C6C879FA1E}"
EndProject
Project("{FAE04EC0-301F-11D3-BF4B-00C04F79EFBC}") = "UnoAppFactoryMethod.Skia.Wpf.Host", "UnoAppFactoryMethod\UnoAppFactoryMethod.Skia.Wpf.Host\UnoAppFactoryMethod.Skia.Wpf.Host.csproj", "{8136994B-7448-4E4C-9030-633BD8ADD078}"
EndProject
Project("{FAE04EC0-301F-11D3-BF4B-00C04F79EFBC}") = "UnoAppFactoryMethod.Skia.Wpf", "UnoAppFactoryMethod\UnoAppFactoryMethod.Skia.Wpf\UnoAppFactoryMethod.Skia.Wpf.csproj", "{AE2EE5A7-C756-40F4-ACE6-8BB584B0868D}"
EndProject
Project("{FAE04EC0-301F-11D3-BF4B-00C04F79EFBC}") = "UnoAppFactoryMethod.Skia.Gtk", "UnoAppFactoryMethod\UnoAppFactoryMethod.Skia.Gtk\UnoAppFactoryMethod.Skia.Gtk.csproj", "{0F94E1EF-69EA-4E32-B3A4-42F978DF3A6E}"
EndProject
Project("{FAE04EC0-301F-11D3-BF4B-00C04F79EFBC}") = "UnoAppFactoryMethod.Skia.Tizen", "UnoAppFactoryMethod\UnoAppFactoryMethod.Skia.Tizen\UnoAppFactoryMethod.Skia.Tizen.csproj", "{4DA608DC-D60F-4515-AFC2-2522733C4956}"
EndProject
Global
	GlobalSection(SharedMSBuildProjectFiles) = preSolution
		UnoAppFactoryMethod\UnoAppFactoryMethod.Shared\UnoAppFactoryMethod.Shared.projitems*{0f94e1ef-69ea-4e32-b3a4-42f978df3a6e}*SharedItemsImports = 5
		UnoAppFactoryMethod\UnoAppFactoryMethod.Shared\UnoAppFactoryMethod.Shared.projitems*{2950e7f3-59cf-452c-93e8-b1baa9c902a1}*SharedItemsImports = 5
		UnoAppFactoryMethod\UnoAppFactoryMethod.Shared\UnoAppFactoryMethod.Shared.projitems*{4da608dc-d60f-4515-afc2-2522733c4956}*SharedItemsImports = 5
		UnoAppFactoryMethod\UnoAppFactoryMethod.Shared\UnoAppFactoryMethod.Shared.projitems*{511a29ed-ae4e-4998-9bc2-c8c6c879fa1e}*SharedItemsImports = 4
		UnoAppFactoryMethod\UnoAppFactoryMethod.Shared\UnoAppFactoryMethod.Shared.projitems*{6279c845-92f8-4333-ab99-3d213163593c}*SharedItemsImports = 13
		UnoAppFactoryMethod\UnoAppFactoryMethod.Shared\UnoAppFactoryMethod.Shared.projitems*{8fb31794-5cd5-49d6-8869-7b5186717410}*SharedItemsImports = 4
		UnoAppFactoryMethod\UnoAppFactoryMethod.Shared\UnoAppFactoryMethod.Shared.projitems*{abd2d89e-fc74-4d17-9d97-2bb9614f052d}*SharedItemsImports = 4
		UnoAppFactoryMethod\UnoAppFactoryMethod.Shared\UnoAppFactoryMethod.Shared.projitems*{ae2ee5a7-c756-40f4-ace6-8bb584b0868d}*SharedItemsImports = 5
		UnoAppFactoryMethod\UnoAppFactoryMethod.Shared\UnoAppFactoryMethod.Shared.projitems*{fbd86429-cb44-447d-b82a-aec52de20985}*SharedItemsImports = 4
	EndGlobalSection
	GlobalSection(SolutionConfigurationPlatforms) = preSolution
		Ad-Hoc|Any CPU = Ad-Hoc|Any CPU
		Ad-Hoc|ARM = Ad-Hoc|ARM
		Ad-Hoc|ARM64 = Ad-Hoc|ARM64
		Ad-Hoc|iPhone = Ad-Hoc|iPhone
		Ad-Hoc|iPhoneSimulator = Ad-Hoc|iPhoneSimulator
		Ad-Hoc|x64 = Ad-Hoc|x64
		Ad-Hoc|x86 = Ad-Hoc|x86
		AppStore|Any CPU = AppStore|Any CPU
		AppStore|ARM = AppStore|ARM
		AppStore|ARM64 = AppStore|ARM64
		AppStore|iPhone = AppStore|iPhone
		AppStore|iPhoneSimulator = AppStore|iPhoneSimulator
		AppStore|x64 = AppStore|x64
		AppStore|x86 = AppStore|x86
		Debug|Any CPU = Debug|Any CPU
		Debug|ARM = Debug|ARM
		Debug|ARM64 = Debug|ARM64
		Debug|iPhone = Debug|iPhone
		Debug|iPhoneSimulator = Debug|iPhoneSimulator
		Debug|x64 = Debug|x64
		Debug|x86 = Debug|x86
		Release|Any CPU = Release|Any CPU
		Release|ARM = Release|ARM
		Release|ARM64 = Release|ARM64
		Release|iPhone = Release|iPhone
		Release|iPhoneSimulator = Release|iPhoneSimulator
		Release|x64 = Release|x64
		Release|x86 = Release|x86
	EndGlobalSection
	GlobalSection(ProjectConfigurationPlatforms) = postSolution
		{ABD2D89E-FC74-4D17-9D97-2BB9614F052D}.Ad-Hoc|Any CPU.ActiveCfg = Debug|Any CPU
		{ABD2D89E-FC74-4D17-9D97-2BB9614F052D}.Ad-Hoc|Any CPU.Build.0 = Debug|Any CPU
		{ABD2D89E-FC74-4D17-9D97-2BB9614F052D}.Ad-Hoc|Any CPU.Deploy.0 = Debug|Any CPU
		{ABD2D89E-FC74-4D17-9D97-2BB9614F052D}.Ad-Hoc|ARM.ActiveCfg = Debug|Any CPU
		{ABD2D89E-FC74-4D17-9D97-2BB9614F052D}.Ad-Hoc|ARM.Build.0 = Debug|Any CPU
		{ABD2D89E-FC74-4D17-9D97-2BB9614F052D}.Ad-Hoc|ARM.Deploy.0 = Debug|Any CPU
		{ABD2D89E-FC74-4D17-9D97-2BB9614F052D}.Ad-Hoc|ARM64.ActiveCfg = Debug|Any CPU
		{ABD2D89E-FC74-4D17-9D97-2BB9614F052D}.Ad-Hoc|ARM64.Build.0 = Debug|Any CPU
		{ABD2D89E-FC74-4D17-9D97-2BB9614F052D}.Ad-Hoc|ARM64.Deploy.0 = Debug|Any CPU
		{ABD2D89E-FC74-4D17-9D97-2BB9614F052D}.Ad-Hoc|iPhone.ActiveCfg = Debug|Any CPU
		{ABD2D89E-FC74-4D17-9D97-2BB9614F052D}.Ad-Hoc|iPhone.Build.0 = Debug|Any CPU
		{ABD2D89E-FC74-4D17-9D97-2BB9614F052D}.Ad-Hoc|iPhone.Deploy.0 = Debug|Any CPU
		{ABD2D89E-FC74-4D17-9D97-2BB9614F052D}.Ad-Hoc|iPhoneSimulator.ActiveCfg = Debug|Any CPU
		{ABD2D89E-FC74-4D17-9D97-2BB9614F052D}.Ad-Hoc|iPhoneSimulator.Build.0 = Debug|Any CPU
		{ABD2D89E-FC74-4D17-9D97-2BB9614F052D}.Ad-Hoc|iPhoneSimulator.Deploy.0 = Debug|Any CPU
		{ABD2D89E-FC74-4D17-9D97-2BB9614F052D}.Ad-Hoc|x64.ActiveCfg = Debug|Any CPU
		{ABD2D89E-FC74-4D17-9D97-2BB9614F052D}.Ad-Hoc|x64.Build.0 = Debug|Any CPU
		{ABD2D89E-FC74-4D17-9D97-2BB9614F052D}.Ad-Hoc|x64.Deploy.0 = Debug|Any CPU
		{ABD2D89E-FC74-4D17-9D97-2BB9614F052D}.Ad-Hoc|x86.ActiveCfg = Debug|Any CPU
		{ABD2D89E-FC74-4D17-9D97-2BB9614F052D}.Ad-Hoc|x86.Build.0 = Debug|Any CPU
		{ABD2D89E-FC74-4D17-9D97-2BB9614F052D}.Ad-Hoc|x86.Deploy.0 = Debug|Any CPU
		{ABD2D89E-FC74-4D17-9D97-2BB9614F052D}.AppStore|Any CPU.ActiveCfg = Debug|Any CPU
		{ABD2D89E-FC74-4D17-9D97-2BB9614F052D}.AppStore|Any CPU.Build.0 = Debug|Any CPU
		{ABD2D89E-FC74-4D17-9D97-2BB9614F052D}.AppStore|Any CPU.Deploy.0 = Debug|Any CPU
		{ABD2D89E-FC74-4D17-9D97-2BB9614F052D}.AppStore|ARM.ActiveCfg = Debug|Any CPU
		{ABD2D89E-FC74-4D17-9D97-2BB9614F052D}.AppStore|ARM.Build.0 = Debug|Any CPU
		{ABD2D89E-FC74-4D17-9D97-2BB9614F052D}.AppStore|ARM.Deploy.0 = Debug|Any CPU
		{ABD2D89E-FC74-4D17-9D97-2BB9614F052D}.AppStore|ARM64.ActiveCfg = Debug|Any CPU
		{ABD2D89E-FC74-4D17-9D97-2BB9614F052D}.AppStore|ARM64.Build.0 = Debug|Any CPU
		{ABD2D89E-FC74-4D17-9D97-2BB9614F052D}.AppStore|ARM64.Deploy.0 = Debug|Any CPU
		{ABD2D89E-FC74-4D17-9D97-2BB9614F052D}.AppStore|iPhone.ActiveCfg = Debug|Any CPU
		{ABD2D89E-FC74-4D17-9D97-2BB9614F052D}.AppStore|iPhone.Build.0 = Debug|Any CPU
		{ABD2D89E-FC74-4D17-9D97-2BB9614F052D}.AppStore|iPhone.Deploy.0 = Debug|Any CPU
		{ABD2D89E-FC74-4D17-9D97-2BB9614F052D}.AppStore|iPhoneSimulator.ActiveCfg = Debug|Any CPU
		{ABD2D89E-FC74-4D17-9D97-2BB9614F052D}.AppStore|iPhoneSimulator.Build.0 = Debug|Any CPU
		{ABD2D89E-FC74-4D17-9D97-2BB9614F052D}.AppStore|iPhoneSimulator.Deploy.0 = Debug|Any CPU
		{ABD2D89E-FC74-4D17-9D97-2BB9614F052D}.AppStore|x64.ActiveCfg = Debug|Any CPU
		{ABD2D89E-FC74-4D17-9D97-2BB9614F052D}.AppStore|x64.Build.0 = Debug|Any CPU
		{ABD2D89E-FC74-4D17-9D97-2BB9614F052D}.AppStore|x64.Deploy.0 = Debug|Any CPU
		{ABD2D89E-FC74-4D17-9D97-2BB9614F052D}.AppStore|x86.ActiveCfg = Debug|Any CPU
		{ABD2D89E-FC74-4D17-9D97-2BB9614F052D}.AppStore|x86.Build.0 = Debug|Any CPU
		{ABD2D89E-FC74-4D17-9D97-2BB9614F052D}.AppStore|x86.Deploy.0 = Debug|Any CPU
		{ABD2D89E-FC74-4D17-9D97-2BB9614F052D}.Debug|Any CPU.ActiveCfg = Debug|Any CPU
		{ABD2D89E-FC74-4D17-9D97-2BB9614F052D}.Debug|Any CPU.Build.0 = Debug|Any CPU
		{ABD2D89E-FC74-4D17-9D97-2BB9614F052D}.Debug|Any CPU.Deploy.0 = Debug|Any CPU
		{ABD2D89E-FC74-4D17-9D97-2BB9614F052D}.Debug|ARM.ActiveCfg = Debug|Any CPU
		{ABD2D89E-FC74-4D17-9D97-2BB9614F052D}.Debug|ARM.Build.0 = Debug|Any CPU
		{ABD2D89E-FC74-4D17-9D97-2BB9614F052D}.Debug|ARM.Deploy.0 = Debug|Any CPU
		{ABD2D89E-FC74-4D17-9D97-2BB9614F052D}.Debug|ARM64.ActiveCfg = Debug|Any CPU
		{ABD2D89E-FC74-4D17-9D97-2BB9614F052D}.Debug|ARM64.Build.0 = Debug|Any CPU
		{ABD2D89E-FC74-4D17-9D97-2BB9614F052D}.Debug|ARM64.Deploy.0 = Debug|Any CPU
		{ABD2D89E-FC74-4D17-9D97-2BB9614F052D}.Debug|iPhone.ActiveCfg = Debug|Any CPU
		{ABD2D89E-FC74-4D17-9D97-2BB9614F052D}.Debug|iPhone.Build.0 = Debug|Any CPU
		{ABD2D89E-FC74-4D17-9D97-2BB9614F052D}.Debug|iPhone.Deploy.0 = Debug|Any CPU
		{ABD2D89E-FC74-4D17-9D97-2BB9614F052D}.Debug|iPhoneSimulator.ActiveCfg = Debug|Any CPU
		{ABD2D89E-FC74-4D17-9D97-2BB9614F052D}.Debug|iPhoneSimulator.Build.0 = Debug|Any CPU
		{ABD2D89E-FC74-4D17-9D97-2BB9614F052D}.Debug|iPhoneSimulator.Deploy.0 = Debug|Any CPU
		{ABD2D89E-FC74-4D17-9D97-2BB9614F052D}.Debug|x64.ActiveCfg = Debug|Any CPU
		{ABD2D89E-FC74-4D17-9D97-2BB9614F052D}.Debug|x64.Build.0 = Debug|Any CPU
		{ABD2D89E-FC74-4D17-9D97-2BB9614F052D}.Debug|x64.Deploy.0 = Debug|Any CPU
		{ABD2D89E-FC74-4D17-9D97-2BB9614F052D}.Debug|x86.ActiveCfg = Debug|Any CPU
		{ABD2D89E-FC74-4D17-9D97-2BB9614F052D}.Debug|x86.Build.0 = Debug|Any CPU
		{ABD2D89E-FC74-4D17-9D97-2BB9614F052D}.Debug|x86.Deploy.0 = Debug|Any CPU
		{ABD2D89E-FC74-4D17-9D97-2BB9614F052D}.Release|Any CPU.ActiveCfg = Release|Any CPU
		{ABD2D89E-FC74-4D17-9D97-2BB9614F052D}.Release|Any CPU.Build.0 = Release|Any CPU
		{ABD2D89E-FC74-4D17-9D97-2BB9614F052D}.Release|Any CPU.Deploy.0 = Release|Any CPU
		{ABD2D89E-FC74-4D17-9D97-2BB9614F052D}.Release|ARM.ActiveCfg = Release|Any CPU
		{ABD2D89E-FC74-4D17-9D97-2BB9614F052D}.Release|ARM.Build.0 = Release|Any CPU
		{ABD2D89E-FC74-4D17-9D97-2BB9614F052D}.Release|ARM.Deploy.0 = Release|Any CPU
		{ABD2D89E-FC74-4D17-9D97-2BB9614F052D}.Release|ARM64.ActiveCfg = Release|Any CPU
		{ABD2D89E-FC74-4D17-9D97-2BB9614F052D}.Release|ARM64.Build.0 = Release|Any CPU
		{ABD2D89E-FC74-4D17-9D97-2BB9614F052D}.Release|ARM64.Deploy.0 = Release|Any CPU
		{ABD2D89E-FC74-4D17-9D97-2BB9614F052D}.Release|iPhone.ActiveCfg = Release|Any CPU
		{ABD2D89E-FC74-4D17-9D97-2BB9614F052D}.Release|iPhone.Build.0 = Release|Any CPU
		{ABD2D89E-FC74-4D17-9D97-2BB9614F052D}.Release|iPhone.Deploy.0 = Release|Any CPU
		{ABD2D89E-FC74-4D17-9D97-2BB9614F052D}.Release|iPhoneSimulator.ActiveCfg = Release|Any CPU
		{ABD2D89E-FC74-4D17-9D97-2BB9614F052D}.Release|iPhoneSimulator.Build.0 = Release|Any CPU
		{ABD2D89E-FC74-4D17-9D97-2BB9614F052D}.Release|iPhoneSimulator.Deploy.0 = Release|Any CPU
		{ABD2D89E-FC74-4D17-9D97-2BB9614F052D}.Release|x64.ActiveCfg = Release|Any CPU
		{ABD2D89E-FC74-4D17-9D97-2BB9614F052D}.Release|x64.Build.0 = Release|Any CPU
		{ABD2D89E-FC74-4D17-9D97-2BB9614F052D}.Release|x64.Deploy.0 = Release|Any CPU
		{ABD2D89E-FC74-4D17-9D97-2BB9614F052D}.Release|x86.ActiveCfg = Release|Any CPU
		{ABD2D89E-FC74-4D17-9D97-2BB9614F052D}.Release|x86.Build.0 = Release|Any CPU
		{ABD2D89E-FC74-4D17-9D97-2BB9614F052D}.Release|x86.Deploy.0 = Release|Any CPU
		{8FB31794-5CD5-49D6-8869-7B5186717410}.Ad-Hoc|Any CPU.ActiveCfg = Ad-Hoc|iPhoneSimulator
		{8FB31794-5CD5-49D6-8869-7B5186717410}.Ad-Hoc|ARM.ActiveCfg = Ad-Hoc|iPhoneSimulator
		{8FB31794-5CD5-49D6-8869-7B5186717410}.Ad-Hoc|ARM64.ActiveCfg = Ad-Hoc|iPhoneSimulator
		{8FB31794-5CD5-49D6-8869-7B5186717410}.Ad-Hoc|iPhone.ActiveCfg = Ad-Hoc|iPhone
		{8FB31794-5CD5-49D6-8869-7B5186717410}.Ad-Hoc|iPhone.Build.0 = Ad-Hoc|iPhone
		{8FB31794-5CD5-49D6-8869-7B5186717410}.Ad-Hoc|iPhoneSimulator.ActiveCfg = Ad-Hoc|iPhoneSimulator
		{8FB31794-5CD5-49D6-8869-7B5186717410}.Ad-Hoc|iPhoneSimulator.Build.0 = Ad-Hoc|iPhoneSimulator
		{8FB31794-5CD5-49D6-8869-7B5186717410}.Ad-Hoc|x64.ActiveCfg = Ad-Hoc|iPhoneSimulator
		{8FB31794-5CD5-49D6-8869-7B5186717410}.Ad-Hoc|x86.ActiveCfg = Ad-Hoc|iPhoneSimulator
		{8FB31794-5CD5-49D6-8869-7B5186717410}.AppStore|Any CPU.ActiveCfg = AppStore|iPhoneSimulator
		{8FB31794-5CD5-49D6-8869-7B5186717410}.AppStore|ARM.ActiveCfg = AppStore|iPhoneSimulator
		{8FB31794-5CD5-49D6-8869-7B5186717410}.AppStore|ARM64.ActiveCfg = AppStore|iPhoneSimulator
		{8FB31794-5CD5-49D6-8869-7B5186717410}.AppStore|iPhone.ActiveCfg = AppStore|iPhone
		{8FB31794-5CD5-49D6-8869-7B5186717410}.AppStore|iPhone.Build.0 = AppStore|iPhone
		{8FB31794-5CD5-49D6-8869-7B5186717410}.AppStore|iPhoneSimulator.ActiveCfg = AppStore|iPhoneSimulator
		{8FB31794-5CD5-49D6-8869-7B5186717410}.AppStore|iPhoneSimulator.Build.0 = AppStore|iPhoneSimulator
		{8FB31794-5CD5-49D6-8869-7B5186717410}.AppStore|x64.ActiveCfg = AppStore|iPhoneSimulator
		{8FB31794-5CD5-49D6-8869-7B5186717410}.AppStore|x86.ActiveCfg = AppStore|iPhoneSimulator
		{8FB31794-5CD5-49D6-8869-7B5186717410}.Debug|Any CPU.ActiveCfg = Debug|iPhoneSimulator
		{8FB31794-5CD5-49D6-8869-7B5186717410}.Debug|ARM.ActiveCfg = Debug|iPhoneSimulator
		{8FB31794-5CD5-49D6-8869-7B5186717410}.Debug|ARM64.ActiveCfg = Debug|iPhoneSimulator
		{8FB31794-5CD5-49D6-8869-7B5186717410}.Debug|iPhone.ActiveCfg = Debug|iPhone
		{8FB31794-5CD5-49D6-8869-7B5186717410}.Debug|iPhone.Build.0 = Debug|iPhone
		{8FB31794-5CD5-49D6-8869-7B5186717410}.Debug|iPhoneSimulator.ActiveCfg = Debug|iPhoneSimulator
		{8FB31794-5CD5-49D6-8869-7B5186717410}.Debug|iPhoneSimulator.Build.0 = Debug|iPhoneSimulator
		{8FB31794-5CD5-49D6-8869-7B5186717410}.Debug|x64.ActiveCfg = Debug|iPhoneSimulator
		{8FB31794-5CD5-49D6-8869-7B5186717410}.Debug|x86.ActiveCfg = Debug|iPhoneSimulator
		{8FB31794-5CD5-49D6-8869-7B5186717410}.Release|Any CPU.ActiveCfg = Release|iPhoneSimulator
		{8FB31794-5CD5-49D6-8869-7B5186717410}.Release|ARM.ActiveCfg = Release|iPhoneSimulator
		{8FB31794-5CD5-49D6-8869-7B5186717410}.Release|ARM64.ActiveCfg = Release|iPhoneSimulator
		{8FB31794-5CD5-49D6-8869-7B5186717410}.Release|iPhone.ActiveCfg = Release|iPhone
		{8FB31794-5CD5-49D6-8869-7B5186717410}.Release|iPhone.Build.0 = Release|iPhone
		{8FB31794-5CD5-49D6-8869-7B5186717410}.Release|iPhoneSimulator.ActiveCfg = Release|iPhoneSimulator
		{8FB31794-5CD5-49D6-8869-7B5186717410}.Release|iPhoneSimulator.Build.0 = Release|iPhoneSimulator
		{8FB31794-5CD5-49D6-8869-7B5186717410}.Release|x64.ActiveCfg = Release|iPhoneSimulator
		{8FB31794-5CD5-49D6-8869-7B5186717410}.Release|x86.ActiveCfg = Release|iPhoneSimulator
		{FBD86429-CB44-447D-B82A-AEC52DE20985}.Ad-Hoc|Any CPU.ActiveCfg = Debug|x86
		{FBD86429-CB44-447D-B82A-AEC52DE20985}.Ad-Hoc|Any CPU.Build.0 = Debug|x86
		{FBD86429-CB44-447D-B82A-AEC52DE20985}.Ad-Hoc|Any CPU.Deploy.0 = Debug|x86
		{FBD86429-CB44-447D-B82A-AEC52DE20985}.Ad-Hoc|ARM.ActiveCfg = Debug|ARM
		{FBD86429-CB44-447D-B82A-AEC52DE20985}.Ad-Hoc|ARM.Build.0 = Debug|ARM
		{FBD86429-CB44-447D-B82A-AEC52DE20985}.Ad-Hoc|ARM.Deploy.0 = Debug|ARM
		{FBD86429-CB44-447D-B82A-AEC52DE20985}.Ad-Hoc|ARM64.ActiveCfg = Debug|ARM64
		{FBD86429-CB44-447D-B82A-AEC52DE20985}.Ad-Hoc|ARM64.Build.0 = Debug|ARM64
		{FBD86429-CB44-447D-B82A-AEC52DE20985}.Ad-Hoc|ARM64.Deploy.0 = Debug|ARM64
		{FBD86429-CB44-447D-B82A-AEC52DE20985}.Ad-Hoc|iPhone.ActiveCfg = Debug|x86
		{FBD86429-CB44-447D-B82A-AEC52DE20985}.Ad-Hoc|iPhone.Build.0 = Debug|x86
		{FBD86429-CB44-447D-B82A-AEC52DE20985}.Ad-Hoc|iPhone.Deploy.0 = Debug|x86
		{FBD86429-CB44-447D-B82A-AEC52DE20985}.Ad-Hoc|iPhoneSimulator.ActiveCfg = Debug|x86
		{FBD86429-CB44-447D-B82A-AEC52DE20985}.Ad-Hoc|iPhoneSimulator.Build.0 = Debug|x86
		{FBD86429-CB44-447D-B82A-AEC52DE20985}.Ad-Hoc|iPhoneSimulator.Deploy.0 = Debug|x86
		{FBD86429-CB44-447D-B82A-AEC52DE20985}.Ad-Hoc|x64.ActiveCfg = Debug|x64
		{FBD86429-CB44-447D-B82A-AEC52DE20985}.Ad-Hoc|x64.Build.0 = Debug|x64
		{FBD86429-CB44-447D-B82A-AEC52DE20985}.Ad-Hoc|x64.Deploy.0 = Debug|x64
		{FBD86429-CB44-447D-B82A-AEC52DE20985}.Ad-Hoc|x86.ActiveCfg = Debug|x86
		{FBD86429-CB44-447D-B82A-AEC52DE20985}.Ad-Hoc|x86.Build.0 = Debug|x86
		{FBD86429-CB44-447D-B82A-AEC52DE20985}.Ad-Hoc|x86.Deploy.0 = Debug|x86
		{FBD86429-CB44-447D-B82A-AEC52DE20985}.AppStore|Any CPU.ActiveCfg = Debug|x86
		{FBD86429-CB44-447D-B82A-AEC52DE20985}.AppStore|Any CPU.Build.0 = Debug|x86
		{FBD86429-CB44-447D-B82A-AEC52DE20985}.AppStore|Any CPU.Deploy.0 = Debug|x86
		{FBD86429-CB44-447D-B82A-AEC52DE20985}.AppStore|ARM.ActiveCfg = Debug|ARM
		{FBD86429-CB44-447D-B82A-AEC52DE20985}.AppStore|ARM.Build.0 = Debug|ARM
		{FBD86429-CB44-447D-B82A-AEC52DE20985}.AppStore|ARM.Deploy.0 = Debug|ARM
		{FBD86429-CB44-447D-B82A-AEC52DE20985}.AppStore|ARM64.ActiveCfg = Debug|ARM64
		{FBD86429-CB44-447D-B82A-AEC52DE20985}.AppStore|ARM64.Build.0 = Debug|ARM64
		{FBD86429-CB44-447D-B82A-AEC52DE20985}.AppStore|ARM64.Deploy.0 = Debug|ARM64
		{FBD86429-CB44-447D-B82A-AEC52DE20985}.AppStore|iPhone.ActiveCfg = Debug|x86
		{FBD86429-CB44-447D-B82A-AEC52DE20985}.AppStore|iPhone.Build.0 = Debug|x86
		{FBD86429-CB44-447D-B82A-AEC52DE20985}.AppStore|iPhone.Deploy.0 = Debug|x86
		{FBD86429-CB44-447D-B82A-AEC52DE20985}.AppStore|iPhoneSimulator.ActiveCfg = Debug|x86
		{FBD86429-CB44-447D-B82A-AEC52DE20985}.AppStore|iPhoneSimulator.Build.0 = Debug|x86
		{FBD86429-CB44-447D-B82A-AEC52DE20985}.AppStore|iPhoneSimulator.Deploy.0 = Debug|x86
		{FBD86429-CB44-447D-B82A-AEC52DE20985}.AppStore|x64.ActiveCfg = Debug|x64
		{FBD86429-CB44-447D-B82A-AEC52DE20985}.AppStore|x64.Build.0 = Debug|x64
		{FBD86429-CB44-447D-B82A-AEC52DE20985}.AppStore|x64.Deploy.0 = Debug|x64
		{FBD86429-CB44-447D-B82A-AEC52DE20985}.AppStore|x86.ActiveCfg = Debug|x86
		{FBD86429-CB44-447D-B82A-AEC52DE20985}.AppStore|x86.Build.0 = Debug|x86
		{FBD86429-CB44-447D-B82A-AEC52DE20985}.AppStore|x86.Deploy.0 = Debug|x86
		{FBD86429-CB44-447D-B82A-AEC52DE20985}.Debug|Any CPU.ActiveCfg = Debug|x86
		{FBD86429-CB44-447D-B82A-AEC52DE20985}.Debug|Any CPU.Build.0 = Debug|x86
		{FBD86429-CB44-447D-B82A-AEC52DE20985}.Debug|Any CPU.Deploy.0 = Debug|x86
		{FBD86429-CB44-447D-B82A-AEC52DE20985}.Debug|ARM.ActiveCfg = Debug|ARM
		{FBD86429-CB44-447D-B82A-AEC52DE20985}.Debug|ARM.Build.0 = Debug|ARM
		{FBD86429-CB44-447D-B82A-AEC52DE20985}.Debug|ARM.Deploy.0 = Debug|ARM
		{FBD86429-CB44-447D-B82A-AEC52DE20985}.Debug|ARM64.ActiveCfg = Debug|ARM64
		{FBD86429-CB44-447D-B82A-AEC52DE20985}.Debug|ARM64.Build.0 = Debug|ARM64
		{FBD86429-CB44-447D-B82A-AEC52DE20985}.Debug|ARM64.Deploy.0 = Debug|ARM64
		{FBD86429-CB44-447D-B82A-AEC52DE20985}.Debug|iPhone.ActiveCfg = Debug|x86
		{FBD86429-CB44-447D-B82A-AEC52DE20985}.Debug|iPhoneSimulator.ActiveCfg = Debug|x86
		{FBD86429-CB44-447D-B82A-AEC52DE20985}.Debug|x64.ActiveCfg = Debug|x64
		{FBD86429-CB44-447D-B82A-AEC52DE20985}.Debug|x64.Build.0 = Debug|x64
		{FBD86429-CB44-447D-B82A-AEC52DE20985}.Debug|x64.Deploy.0 = Debug|x64
		{FBD86429-CB44-447D-B82A-AEC52DE20985}.Debug|x86.ActiveCfg = Debug|x86
		{FBD86429-CB44-447D-B82A-AEC52DE20985}.Debug|x86.Build.0 = Debug|x86
		{FBD86429-CB44-447D-B82A-AEC52DE20985}.Debug|x86.Deploy.0 = Debug|x86
		{FBD86429-CB44-447D-B82A-AEC52DE20985}.Release|Any CPU.ActiveCfg = Release|x86
		{FBD86429-CB44-447D-B82A-AEC52DE20985}.Release|ARM.ActiveCfg = Release|ARM
		{FBD86429-CB44-447D-B82A-AEC52DE20985}.Release|ARM.Build.0 = Release|ARM
		{FBD86429-CB44-447D-B82A-AEC52DE20985}.Release|ARM.Deploy.0 = Release|ARM
		{FBD86429-CB44-447D-B82A-AEC52DE20985}.Release|ARM64.ActiveCfg = Release|ARM64
		{FBD86429-CB44-447D-B82A-AEC52DE20985}.Release|ARM64.Build.0 = Release|ARM64
		{FBD86429-CB44-447D-B82A-AEC52DE20985}.Release|ARM64.Deploy.0 = Release|ARM64
		{FBD86429-CB44-447D-B82A-AEC52DE20985}.Release|iPhone.ActiveCfg = Release|x86
		{FBD86429-CB44-447D-B82A-AEC52DE20985}.Release|iPhoneSimulator.ActiveCfg = Release|x86
		{FBD86429-CB44-447D-B82A-AEC52DE20985}.Release|x64.ActiveCfg = Release|x64
		{FBD86429-CB44-447D-B82A-AEC52DE20985}.Release|x64.Build.0 = Release|x64
		{FBD86429-CB44-447D-B82A-AEC52DE20985}.Release|x64.Deploy.0 = Release|x64
		{FBD86429-CB44-447D-B82A-AEC52DE20985}.Release|x86.ActiveCfg = Release|x86
		{FBD86429-CB44-447D-B82A-AEC52DE20985}.Release|x86.Build.0 = Release|x86
		{FBD86429-CB44-447D-B82A-AEC52DE20985}.Release|x86.Deploy.0 = Release|x86
		{2950E7F3-59CF-452C-93E8-B1BAA9C902A1}.Ad-Hoc|Any CPU.ActiveCfg = Debug|Any CPU
		{2950E7F3-59CF-452C-93E8-B1BAA9C902A1}.Ad-Hoc|Any CPU.Build.0 = Debug|Any CPU
		{2950E7F3-59CF-452C-93E8-B1BAA9C902A1}.Ad-Hoc|ARM.ActiveCfg = Debug|Any CPU
		{2950E7F3-59CF-452C-93E8-B1BAA9C902A1}.Ad-Hoc|ARM.Build.0 = Debug|Any CPU
		{2950E7F3-59CF-452C-93E8-B1BAA9C902A1}.Ad-Hoc|ARM64.ActiveCfg = Debug|Any CPU
		{2950E7F3-59CF-452C-93E8-B1BAA9C902A1}.Ad-Hoc|ARM64.Build.0 = Debug|Any CPU
		{2950E7F3-59CF-452C-93E8-B1BAA9C902A1}.Ad-Hoc|iPhone.ActiveCfg = Debug|Any CPU
		{2950E7F3-59CF-452C-93E8-B1BAA9C902A1}.Ad-Hoc|iPhone.Build.0 = Debug|Any CPU
		{2950E7F3-59CF-452C-93E8-B1BAA9C902A1}.Ad-Hoc|iPhoneSimulator.ActiveCfg = Debug|Any CPU
		{2950E7F3-59CF-452C-93E8-B1BAA9C902A1}.Ad-Hoc|iPhoneSimulator.Build.0 = Debug|Any CPU
		{2950E7F3-59CF-452C-93E8-B1BAA9C902A1}.Ad-Hoc|x64.ActiveCfg = Debug|Any CPU
		{2950E7F3-59CF-452C-93E8-B1BAA9C902A1}.Ad-Hoc|x64.Build.0 = Debug|Any CPU
		{2950E7F3-59CF-452C-93E8-B1BAA9C902A1}.Ad-Hoc|x86.ActiveCfg = Debug|Any CPU
		{2950E7F3-59CF-452C-93E8-B1BAA9C902A1}.Ad-Hoc|x86.Build.0 = Debug|Any CPU
		{2950E7F3-59CF-452C-93E8-B1BAA9C902A1}.AppStore|Any CPU.ActiveCfg = Debug|Any CPU
		{2950E7F3-59CF-452C-93E8-B1BAA9C902A1}.AppStore|Any CPU.Build.0 = Debug|Any CPU
		{2950E7F3-59CF-452C-93E8-B1BAA9C902A1}.AppStore|ARM.ActiveCfg = Debug|Any CPU
		{2950E7F3-59CF-452C-93E8-B1BAA9C902A1}.AppStore|ARM.Build.0 = Debug|Any CPU
		{2950E7F3-59CF-452C-93E8-B1BAA9C902A1}.AppStore|ARM64.ActiveCfg = Debug|Any CPU
		{2950E7F3-59CF-452C-93E8-B1BAA9C902A1}.AppStore|ARM64.Build.0 = Debug|Any CPU
		{2950E7F3-59CF-452C-93E8-B1BAA9C902A1}.AppStore|iPhone.ActiveCfg = Debug|Any CPU
		{2950E7F3-59CF-452C-93E8-B1BAA9C902A1}.AppStore|iPhone.Build.0 = Debug|Any CPU
		{2950E7F3-59CF-452C-93E8-B1BAA9C902A1}.AppStore|iPhoneSimulator.ActiveCfg = Debug|Any CPU
		{2950E7F3-59CF-452C-93E8-B1BAA9C902A1}.AppStore|iPhoneSimulator.Build.0 = Debug|Any CPU
		{2950E7F3-59CF-452C-93E8-B1BAA9C902A1}.AppStore|x64.ActiveCfg = Debug|Any CPU
		{2950E7F3-59CF-452C-93E8-B1BAA9C902A1}.AppStore|x64.Build.0 = Debug|Any CPU
		{2950E7F3-59CF-452C-93E8-B1BAA9C902A1}.AppStore|x86.ActiveCfg = Debug|Any CPU
		{2950E7F3-59CF-452C-93E8-B1BAA9C902A1}.AppStore|x86.Build.0 = Debug|Any CPU
		{2950E7F3-59CF-452C-93E8-B1BAA9C902A1}.Debug|Any CPU.ActiveCfg = Debug|Any CPU
		{2950E7F3-59CF-452C-93E8-B1BAA9C902A1}.Debug|Any CPU.Build.0 = Debug|Any CPU
		{2950E7F3-59CF-452C-93E8-B1BAA9C902A1}.Debug|ARM.ActiveCfg = Debug|Any CPU
		{2950E7F3-59CF-452C-93E8-B1BAA9C902A1}.Debug|ARM.Build.0 = Debug|Any CPU
		{2950E7F3-59CF-452C-93E8-B1BAA9C902A1}.Debug|ARM64.ActiveCfg = Debug|Any CPU
		{2950E7F3-59CF-452C-93E8-B1BAA9C902A1}.Debug|ARM64.Build.0 = Debug|Any CPU
		{2950E7F3-59CF-452C-93E8-B1BAA9C902A1}.Debug|iPhone.ActiveCfg = Debug|Any CPU
		{2950E7F3-59CF-452C-93E8-B1BAA9C902A1}.Debug|iPhone.Build.0 = Debug|Any CPU
		{2950E7F3-59CF-452C-93E8-B1BAA9C902A1}.Debug|iPhoneSimulator.ActiveCfg = Debug|Any CPU
		{2950E7F3-59CF-452C-93E8-B1BAA9C902A1}.Debug|iPhoneSimulator.Build.0 = Debug|Any CPU
		{2950E7F3-59CF-452C-93E8-B1BAA9C902A1}.Debug|x64.ActiveCfg = Debug|Any CPU
		{2950E7F3-59CF-452C-93E8-B1BAA9C902A1}.Debug|x64.Build.0 = Debug|Any CPU
		{2950E7F3-59CF-452C-93E8-B1BAA9C902A1}.Debug|x86.ActiveCfg = Debug|Any CPU
		{2950E7F3-59CF-452C-93E8-B1BAA9C902A1}.Debug|x86.Build.0 = Debug|Any CPU
		{2950E7F3-59CF-452C-93E8-B1BAA9C902A1}.Release|Any CPU.ActiveCfg = Release|Any CPU
		{2950E7F3-59CF-452C-93E8-B1BAA9C902A1}.Release|Any CPU.Build.0 = Release|Any CPU
		{2950E7F3-59CF-452C-93E8-B1BAA9C902A1}.Release|ARM.ActiveCfg = Release|Any CPU
		{2950E7F3-59CF-452C-93E8-B1BAA9C902A1}.Release|ARM.Build.0 = Release|Any CPU
		{2950E7F3-59CF-452C-93E8-B1BAA9C902A1}.Release|ARM64.ActiveCfg = Release|Any CPU
		{2950E7F3-59CF-452C-93E8-B1BAA9C902A1}.Release|ARM64.Build.0 = Release|Any CPU
		{2950E7F3-59CF-452C-93E8-B1BAA9C902A1}.Release|iPhone.ActiveCfg = Release|Any CPU
		{2950E7F3-59CF-452C-93E8-B1BAA9C902A1}.Release|iPhone.Build.0 = Release|Any CPU
		{2950E7F3-59CF-452C-93E8-B1BAA9C902A1}.Release|iPhoneSimulator.ActiveCfg = Release|Any CPU
		{2950E7F3-59CF-452C-93E8-B1BAA9C902A1}.Release|iPhoneSimulator.Build.0 = Release|Any CPU
		{2950E7F3-59CF-452C-93E8-B1BAA9C902A1}.Release|x64.ActiveCfg = Release|Any CPU
		{2950E7F3-59CF-452C-93E8-B1BAA9C902A1}.Release|x64.Build.0 = Release|Any CPU
		{2950E7F3-59CF-452C-93E8-B1BAA9C902A1}.Release|x86.ActiveCfg = Release|Any CPU
		{2950E7F3-59CF-452C-93E8-B1BAA9C902A1}.Release|x86.Build.0 = Release|Any CPU
		{511A29ED-AE4E-4998-9BC2-C8C6C879FA1E}.Ad-Hoc|Any CPU.ActiveCfg = Debug|iPhoneSimulator
		{511A29ED-AE4E-4998-9BC2-C8C6C879FA1E}.Ad-Hoc|Any CPU.Build.0 = Debug|iPhoneSimulator
		{511A29ED-AE4E-4998-9BC2-C8C6C879FA1E}.Ad-Hoc|ARM.ActiveCfg = Debug|iPhoneSimulator
		{511A29ED-AE4E-4998-9BC2-C8C6C879FA1E}.Ad-Hoc|ARM.Build.0 = Debug|iPhoneSimulator
		{511A29ED-AE4E-4998-9BC2-C8C6C879FA1E}.Ad-Hoc|ARM64.ActiveCfg = Debug|iPhoneSimulator
		{511A29ED-AE4E-4998-9BC2-C8C6C879FA1E}.Ad-Hoc|ARM64.Build.0 = Debug|iPhoneSimulator
		{511A29ED-AE4E-4998-9BC2-C8C6C879FA1E}.Ad-Hoc|iPhone.ActiveCfg = Debug|iPhoneSimulator
		{511A29ED-AE4E-4998-9BC2-C8C6C879FA1E}.Ad-Hoc|iPhone.Build.0 = Debug|iPhoneSimulator
		{511A29ED-AE4E-4998-9BC2-C8C6C879FA1E}.Ad-Hoc|iPhoneSimulator.ActiveCfg = Debug|iPhoneSimulator
		{511A29ED-AE4E-4998-9BC2-C8C6C879FA1E}.Ad-Hoc|iPhoneSimulator.Build.0 = Debug|iPhoneSimulator
		{511A29ED-AE4E-4998-9BC2-C8C6C879FA1E}.Ad-Hoc|x64.ActiveCfg = Debug|iPhoneSimulator
		{511A29ED-AE4E-4998-9BC2-C8C6C879FA1E}.Ad-Hoc|x64.Build.0 = Debug|iPhoneSimulator
		{511A29ED-AE4E-4998-9BC2-C8C6C879FA1E}.Ad-Hoc|x86.ActiveCfg = Debug|iPhoneSimulator
		{511A29ED-AE4E-4998-9BC2-C8C6C879FA1E}.Ad-Hoc|x86.Build.0 = Debug|iPhoneSimulator
		{511A29ED-AE4E-4998-9BC2-C8C6C879FA1E}.AppStore|Any CPU.ActiveCfg = Debug|iPhoneSimulator
		{511A29ED-AE4E-4998-9BC2-C8C6C879FA1E}.AppStore|Any CPU.Build.0 = Debug|iPhoneSimulator
		{511A29ED-AE4E-4998-9BC2-C8C6C879FA1E}.AppStore|ARM.ActiveCfg = Debug|iPhoneSimulator
		{511A29ED-AE4E-4998-9BC2-C8C6C879FA1E}.AppStore|ARM.Build.0 = Debug|iPhoneSimulator
		{511A29ED-AE4E-4998-9BC2-C8C6C879FA1E}.AppStore|ARM64.ActiveCfg = Debug|iPhoneSimulator
		{511A29ED-AE4E-4998-9BC2-C8C6C879FA1E}.AppStore|ARM64.Build.0 = Debug|iPhoneSimulator
		{511A29ED-AE4E-4998-9BC2-C8C6C879FA1E}.AppStore|iPhone.ActiveCfg = Debug|iPhoneSimulator
		{511A29ED-AE4E-4998-9BC2-C8C6C879FA1E}.AppStore|iPhone.Build.0 = Debug|iPhoneSimulator
		{511A29ED-AE4E-4998-9BC2-C8C6C879FA1E}.AppStore|iPhoneSimulator.ActiveCfg = Debug|iPhoneSimulator
		{511A29ED-AE4E-4998-9BC2-C8C6C879FA1E}.AppStore|iPhoneSimulator.Build.0 = Debug|iPhoneSimulator
		{511A29ED-AE4E-4998-9BC2-C8C6C879FA1E}.AppStore|x64.ActiveCfg = Debug|iPhoneSimulator
		{511A29ED-AE4E-4998-9BC2-C8C6C879FA1E}.AppStore|x64.Build.0 = Debug|iPhoneSimulator
		{511A29ED-AE4E-4998-9BC2-C8C6C879FA1E}.AppStore|x86.ActiveCfg = Debug|iPhoneSimulator
		{511A29ED-AE4E-4998-9BC2-C8C6C879FA1E}.AppStore|x86.Build.0 = Debug|iPhoneSimulator
		{511A29ED-AE4E-4998-9BC2-C8C6C879FA1E}.Debug|Any CPU.ActiveCfg = Debug|iPhoneSimulator
		{511A29ED-AE4E-4998-9BC2-C8C6C879FA1E}.Debug|ARM.ActiveCfg = Debug|iPhoneSimulator
		{511A29ED-AE4E-4998-9BC2-C8C6C879FA1E}.Debug|ARM64.ActiveCfg = Debug|iPhoneSimulator
		{511A29ED-AE4E-4998-9BC2-C8C6C879FA1E}.Debug|iPhone.ActiveCfg = Debug|iPhoneSimulator
		{511A29ED-AE4E-4998-9BC2-C8C6C879FA1E}.Debug|iPhoneSimulator.ActiveCfg = Debug|iPhoneSimulator
		{511A29ED-AE4E-4998-9BC2-C8C6C879FA1E}.Debug|iPhoneSimulator.Build.0 = Debug|iPhoneSimulator
		{511A29ED-AE4E-4998-9BC2-C8C6C879FA1E}.Debug|x64.ActiveCfg = Debug|iPhoneSimulator
		{511A29ED-AE4E-4998-9BC2-C8C6C879FA1E}.Debug|x86.ActiveCfg = Debug|iPhoneSimulator
		{511A29ED-AE4E-4998-9BC2-C8C6C879FA1E}.Release|Any CPU.ActiveCfg = Release|iPhoneSimulator
		{511A29ED-AE4E-4998-9BC2-C8C6C879FA1E}.Release|ARM.ActiveCfg = Release|iPhoneSimulator
		{511A29ED-AE4E-4998-9BC2-C8C6C879FA1E}.Release|ARM64.ActiveCfg = Release|iPhoneSimulator
		{511A29ED-AE4E-4998-9BC2-C8C6C879FA1E}.Release|iPhone.ActiveCfg = Release|iPhoneSimulator
		{511A29ED-AE4E-4998-9BC2-C8C6C879FA1E}.Release|iPhoneSimulator.ActiveCfg = Release|iPhoneSimulator
		{511A29ED-AE4E-4998-9BC2-C8C6C879FA1E}.Release|iPhoneSimulator.Build.0 = Release|iPhoneSimulator
		{511A29ED-AE4E-4998-9BC2-C8C6C879FA1E}.Release|x64.ActiveCfg = Release|iPhoneSimulator
		{511A29ED-AE4E-4998-9BC2-C8C6C879FA1E}.Release|x86.ActiveCfg = Release|iPhoneSimulator
		{8136994B-7448-4E4C-9030-633BD8ADD078}.Ad-Hoc|Any CPU.ActiveCfg = Debug|Any CPU
		{8136994B-7448-4E4C-9030-633BD8ADD078}.Ad-Hoc|Any CPU.Build.0 = Debug|Any CPU
		{8136994B-7448-4E4C-9030-633BD8ADD078}.Ad-Hoc|ARM.ActiveCfg = Debug|Any CPU
		{8136994B-7448-4E4C-9030-633BD8ADD078}.Ad-Hoc|ARM.Build.0 = Debug|Any CPU
		{8136994B-7448-4E4C-9030-633BD8ADD078}.Ad-Hoc|ARM64.ActiveCfg = Debug|Any CPU
		{8136994B-7448-4E4C-9030-633BD8ADD078}.Ad-Hoc|ARM64.Build.0 = Debug|Any CPU
		{8136994B-7448-4E4C-9030-633BD8ADD078}.Ad-Hoc|iPhone.ActiveCfg = Debug|Any CPU
		{8136994B-7448-4E4C-9030-633BD8ADD078}.Ad-Hoc|iPhone.Build.0 = Debug|Any CPU
		{8136994B-7448-4E4C-9030-633BD8ADD078}.Ad-Hoc|iPhoneSimulator.ActiveCfg = Debug|Any CPU
		{8136994B-7448-4E4C-9030-633BD8ADD078}.Ad-Hoc|iPhoneSimulator.Build.0 = Debug|Any CPU
		{8136994B-7448-4E4C-9030-633BD8ADD078}.Ad-Hoc|x64.ActiveCfg = Debug|Any CPU
		{8136994B-7448-4E4C-9030-633BD8ADD078}.Ad-Hoc|x64.Build.0 = Debug|Any CPU
		{8136994B-7448-4E4C-9030-633BD8ADD078}.Ad-Hoc|x86.ActiveCfg = Debug|Any CPU
		{8136994B-7448-4E4C-9030-633BD8ADD078}.Ad-Hoc|x86.Build.0 = Debug|Any CPU
		{8136994B-7448-4E4C-9030-633BD8ADD078}.AppStore|Any CPU.ActiveCfg = Debug|Any CPU
		{8136994B-7448-4E4C-9030-633BD8ADD078}.AppStore|Any CPU.Build.0 = Debug|Any CPU
		{8136994B-7448-4E4C-9030-633BD8ADD078}.AppStore|ARM.ActiveCfg = Debug|Any CPU
		{8136994B-7448-4E4C-9030-633BD8ADD078}.AppStore|ARM.Build.0 = Debug|Any CPU
		{8136994B-7448-4E4C-9030-633BD8ADD078}.AppStore|ARM64.ActiveCfg = Debug|Any CPU
		{8136994B-7448-4E4C-9030-633BD8ADD078}.AppStore|ARM64.Build.0 = Debug|Any CPU
		{8136994B-7448-4E4C-9030-633BD8ADD078}.AppStore|iPhone.ActiveCfg = Debug|Any CPU
		{8136994B-7448-4E4C-9030-633BD8ADD078}.AppStore|iPhone.Build.0 = Debug|Any CPU
		{8136994B-7448-4E4C-9030-633BD8ADD078}.AppStore|iPhoneSimulator.ActiveCfg = Debug|Any CPU
		{8136994B-7448-4E4C-9030-633BD8ADD078}.AppStore|iPhoneSimulator.Build.0 = Debug|Any CPU
		{8136994B-7448-4E4C-9030-633BD8ADD078}.AppStore|x64.ActiveCfg = Debug|Any CPU
		{8136994B-7448-4E4C-9030-633BD8ADD078}.AppStore|x64.Build.0 = Debug|Any CPU
		{8136994B-7448-4E4C-9030-633BD8ADD078}.AppStore|x86.ActiveCfg = Debug|Any CPU
		{8136994B-7448-4E4C-9030-633BD8ADD078}.AppStore|x86.Build.0 = Debug|Any CPU
		{8136994B-7448-4E4C-9030-633BD8ADD078}.Debug|Any CPU.ActiveCfg = Debug|Any CPU
		{8136994B-7448-4E4C-9030-633BD8ADD078}.Debug|Any CPU.Build.0 = Debug|Any CPU
		{8136994B-7448-4E4C-9030-633BD8ADD078}.Debug|ARM.ActiveCfg = Debug|Any CPU
		{8136994B-7448-4E4C-9030-633BD8ADD078}.Debug|ARM.Build.0 = Debug|Any CPU
		{8136994B-7448-4E4C-9030-633BD8ADD078}.Debug|ARM64.ActiveCfg = Debug|Any CPU
		{8136994B-7448-4E4C-9030-633BD8ADD078}.Debug|ARM64.Build.0 = Debug|Any CPU
		{8136994B-7448-4E4C-9030-633BD8ADD078}.Debug|iPhone.ActiveCfg = Debug|Any CPU
		{8136994B-7448-4E4C-9030-633BD8ADD078}.Debug|iPhone.Build.0 = Debug|Any CPU
		{8136994B-7448-4E4C-9030-633BD8ADD078}.Debug|iPhoneSimulator.ActiveCfg = Debug|Any CPU
		{8136994B-7448-4E4C-9030-633BD8ADD078}.Debug|iPhoneSimulator.Build.0 = Debug|Any CPU
		{8136994B-7448-4E4C-9030-633BD8ADD078}.Debug|x64.ActiveCfg = Debug|Any CPU
		{8136994B-7448-4E4C-9030-633BD8ADD078}.Debug|x64.Build.0 = Debug|Any CPU
		{8136994B-7448-4E4C-9030-633BD8ADD078}.Debug|x86.ActiveCfg = Debug|Any CPU
		{8136994B-7448-4E4C-9030-633BD8ADD078}.Debug|x86.Build.0 = Debug|Any CPU
		{8136994B-7448-4E4C-9030-633BD8ADD078}.Release|Any CPU.ActiveCfg = Release|Any CPU
		{8136994B-7448-4E4C-9030-633BD8ADD078}.Release|Any CPU.Build.0 = Release|Any CPU
		{8136994B-7448-4E4C-9030-633BD8ADD078}.Release|ARM.ActiveCfg = Release|Any CPU
		{8136994B-7448-4E4C-9030-633BD8ADD078}.Release|ARM.Build.0 = Release|Any CPU
		{8136994B-7448-4E4C-9030-633BD8ADD078}.Release|ARM64.ActiveCfg = Release|Any CPU
		{8136994B-7448-4E4C-9030-633BD8ADD078}.Release|ARM64.Build.0 = Release|Any CPU
		{8136994B-7448-4E4C-9030-633BD8ADD078}.Release|iPhone.ActiveCfg = Release|Any CPU
		{8136994B-7448-4E4C-9030-633BD8ADD078}.Release|iPhone.Build.0 = Release|Any CPU
		{8136994B-7448-4E4C-9030-633BD8ADD078}.Release|iPhoneSimulator.ActiveCfg = Release|Any CPU
		{8136994B-7448-4E4C-9030-633BD8ADD078}.Release|iPhoneSimulator.Build.0 = Release|Any CPU
		{8136994B-7448-4E4C-9030-633BD8ADD078}.Release|x64.ActiveCfg = Release|Any CPU
		{8136994B-7448-4E4C-9030-633BD8ADD078}.Release|x64.Build.0 = Release|Any CPU
		{8136994B-7448-4E4C-9030-633BD8ADD078}.Release|x86.ActiveCfg = Release|Any CPU
		{8136994B-7448-4E4C-9030-633BD8ADD078}.Release|x86.Build.0 = Release|Any CPU
		{AE2EE5A7-C756-40F4-ACE6-8BB584B0868D}.Ad-Hoc|Any CPU.ActiveCfg = Debug|Any CPU
		{AE2EE5A7-C756-40F4-ACE6-8BB584B0868D}.Ad-Hoc|Any CPU.Build.0 = Debug|Any CPU
		{AE2EE5A7-C756-40F4-ACE6-8BB584B0868D}.Ad-Hoc|ARM.ActiveCfg = Debug|Any CPU
		{AE2EE5A7-C756-40F4-ACE6-8BB584B0868D}.Ad-Hoc|ARM.Build.0 = Debug|Any CPU
		{AE2EE5A7-C756-40F4-ACE6-8BB584B0868D}.Ad-Hoc|ARM64.ActiveCfg = Debug|Any CPU
		{AE2EE5A7-C756-40F4-ACE6-8BB584B0868D}.Ad-Hoc|ARM64.Build.0 = Debug|Any CPU
		{AE2EE5A7-C756-40F4-ACE6-8BB584B0868D}.Ad-Hoc|iPhone.ActiveCfg = Debug|Any CPU
		{AE2EE5A7-C756-40F4-ACE6-8BB584B0868D}.Ad-Hoc|iPhone.Build.0 = Debug|Any CPU
		{AE2EE5A7-C756-40F4-ACE6-8BB584B0868D}.Ad-Hoc|iPhoneSimulator.ActiveCfg = Debug|Any CPU
		{AE2EE5A7-C756-40F4-ACE6-8BB584B0868D}.Ad-Hoc|iPhoneSimulator.Build.0 = Debug|Any CPU
		{AE2EE5A7-C756-40F4-ACE6-8BB584B0868D}.Ad-Hoc|x64.ActiveCfg = Debug|Any CPU
		{AE2EE5A7-C756-40F4-ACE6-8BB584B0868D}.Ad-Hoc|x64.Build.0 = Debug|Any CPU
		{AE2EE5A7-C756-40F4-ACE6-8BB584B0868D}.Ad-Hoc|x86.ActiveCfg = Debug|Any CPU
		{AE2EE5A7-C756-40F4-ACE6-8BB584B0868D}.Ad-Hoc|x86.Build.0 = Debug|Any CPU
		{AE2EE5A7-C756-40F4-ACE6-8BB584B0868D}.AppStore|Any CPU.ActiveCfg = Debug|Any CPU
		{AE2EE5A7-C756-40F4-ACE6-8BB584B0868D}.AppStore|Any CPU.Build.0 = Debug|Any CPU
		{AE2EE5A7-C756-40F4-ACE6-8BB584B0868D}.AppStore|ARM.ActiveCfg = Debug|Any CPU
		{AE2EE5A7-C756-40F4-ACE6-8BB584B0868D}.AppStore|ARM.Build.0 = Debug|Any CPU
		{AE2EE5A7-C756-40F4-ACE6-8BB584B0868D}.AppStore|ARM64.ActiveCfg = Debug|Any CPU
		{AE2EE5A7-C756-40F4-ACE6-8BB584B0868D}.AppStore|ARM64.Build.0 = Debug|Any CPU
		{AE2EE5A7-C756-40F4-ACE6-8BB584B0868D}.AppStore|iPhone.ActiveCfg = Debug|Any CPU
		{AE2EE5A7-C756-40F4-ACE6-8BB584B0868D}.AppStore|iPhone.Build.0 = Debug|Any CPU
		{AE2EE5A7-C756-40F4-ACE6-8BB584B0868D}.AppStore|iPhoneSimulator.ActiveCfg = Debug|Any CPU
		{AE2EE5A7-C756-40F4-ACE6-8BB584B0868D}.AppStore|iPhoneSimulator.Build.0 = Debug|Any CPU
		{AE2EE5A7-C756-40F4-ACE6-8BB584B0868D}.AppStore|x64.ActiveCfg = Debug|Any CPU
		{AE2EE5A7-C756-40F4-ACE6-8BB584B0868D}.AppStore|x64.Build.0 = Debug|Any CPU
		{AE2EE5A7-C756-40F4-ACE6-8BB584B0868D}.AppStore|x86.ActiveCfg = Debug|Any CPU
		{AE2EE5A7-C756-40F4-ACE6-8BB584B0868D}.AppStore|x86.Build.0 = Debug|Any CPU
		{AE2EE5A7-C756-40F4-ACE6-8BB584B0868D}.Debug|Any CPU.ActiveCfg = Debug|Any CPU
		{AE2EE5A7-C756-40F4-ACE6-8BB584B0868D}.Debug|Any CPU.Build.0 = Debug|Any CPU
		{AE2EE5A7-C756-40F4-ACE6-8BB584B0868D}.Debug|ARM.ActiveCfg = Debug|Any CPU
		{AE2EE5A7-C756-40F4-ACE6-8BB584B0868D}.Debug|ARM.Build.0 = Debug|Any CPU
		{AE2EE5A7-C756-40F4-ACE6-8BB584B0868D}.Debug|ARM64.ActiveCfg = Debug|Any CPU
		{AE2EE5A7-C756-40F4-ACE6-8BB584B0868D}.Debug|ARM64.Build.0 = Debug|Any CPU
		{AE2EE5A7-C756-40F4-ACE6-8BB584B0868D}.Debug|iPhone.ActiveCfg = Debug|Any CPU
		{AE2EE5A7-C756-40F4-ACE6-8BB584B0868D}.Debug|iPhone.Build.0 = Debug|Any CPU
		{AE2EE5A7-C756-40F4-ACE6-8BB584B0868D}.Debug|iPhoneSimulator.ActiveCfg = Debug|Any CPU
		{AE2EE5A7-C756-40F4-ACE6-8BB584B0868D}.Debug|iPhoneSimulator.Build.0 = Debug|Any CPU
		{AE2EE5A7-C756-40F4-ACE6-8BB584B0868D}.Debug|x64.ActiveCfg = Debug|Any CPU
		{AE2EE5A7-C756-40F4-ACE6-8BB584B0868D}.Debug|x64.Build.0 = Debug|Any CPU
		{AE2EE5A7-C756-40F4-ACE6-8BB584B0868D}.Debug|x86.ActiveCfg = Debug|Any CPU
		{AE2EE5A7-C756-40F4-ACE6-8BB584B0868D}.Debug|x86.Build.0 = Debug|Any CPU
		{AE2EE5A7-C756-40F4-ACE6-8BB584B0868D}.Release|Any CPU.ActiveCfg = Release|Any CPU
		{AE2EE5A7-C756-40F4-ACE6-8BB584B0868D}.Release|Any CPU.Build.0 = Release|Any CPU
		{AE2EE5A7-C756-40F4-ACE6-8BB584B0868D}.Release|ARM.ActiveCfg = Release|Any CPU
		{AE2EE5A7-C756-40F4-ACE6-8BB584B0868D}.Release|ARM.Build.0 = Release|Any CPU
		{AE2EE5A7-C756-40F4-ACE6-8BB584B0868D}.Release|ARM64.ActiveCfg = Release|Any CPU
		{AE2EE5A7-C756-40F4-ACE6-8BB584B0868D}.Release|ARM64.Build.0 = Release|Any CPU
		{AE2EE5A7-C756-40F4-ACE6-8BB584B0868D}.Release|iPhone.ActiveCfg = Release|Any CPU
		{AE2EE5A7-C756-40F4-ACE6-8BB584B0868D}.Release|iPhone.Build.0 = Release|Any CPU
		{AE2EE5A7-C756-40F4-ACE6-8BB584B0868D}.Release|iPhoneSimulator.ActiveCfg = Release|Any CPU
		{AE2EE5A7-C756-40F4-ACE6-8BB584B0868D}.Release|iPhoneSimulator.Build.0 = Release|Any CPU
		{AE2EE5A7-C756-40F4-ACE6-8BB584B0868D}.Release|x64.ActiveCfg = Release|Any CPU
		{AE2EE5A7-C756-40F4-ACE6-8BB584B0868D}.Release|x64.Build.0 = Release|Any CPU
		{AE2EE5A7-C756-40F4-ACE6-8BB584B0868D}.Release|x86.ActiveCfg = Release|Any CPU
		{AE2EE5A7-C756-40F4-ACE6-8BB584B0868D}.Release|x86.Build.0 = Release|Any CPU
		{0F94E1EF-69EA-4E32-B3A4-42F978DF3A6E}.Ad-Hoc|Any CPU.ActiveCfg = Debug|Any CPU
		{0F94E1EF-69EA-4E32-B3A4-42F978DF3A6E}.Ad-Hoc|Any CPU.Build.0 = Debug|Any CPU
		{0F94E1EF-69EA-4E32-B3A4-42F978DF3A6E}.Ad-Hoc|ARM.ActiveCfg = Debug|Any CPU
		{0F94E1EF-69EA-4E32-B3A4-42F978DF3A6E}.Ad-Hoc|ARM.Build.0 = Debug|Any CPU
		{0F94E1EF-69EA-4E32-B3A4-42F978DF3A6E}.Ad-Hoc|ARM64.ActiveCfg = Debug|Any CPU
		{0F94E1EF-69EA-4E32-B3A4-42F978DF3A6E}.Ad-Hoc|ARM64.Build.0 = Debug|Any CPU
		{0F94E1EF-69EA-4E32-B3A4-42F978DF3A6E}.Ad-Hoc|iPhone.ActiveCfg = Debug|Any CPU
		{0F94E1EF-69EA-4E32-B3A4-42F978DF3A6E}.Ad-Hoc|iPhone.Build.0 = Debug|Any CPU
		{0F94E1EF-69EA-4E32-B3A4-42F978DF3A6E}.Ad-Hoc|iPhoneSimulator.ActiveCfg = Debug|Any CPU
		{0F94E1EF-69EA-4E32-B3A4-42F978DF3A6E}.Ad-Hoc|iPhoneSimulator.Build.0 = Debug|Any CPU
		{0F94E1EF-69EA-4E32-B3A4-42F978DF3A6E}.Ad-Hoc|x64.ActiveCfg = Debug|Any CPU
		{0F94E1EF-69EA-4E32-B3A4-42F978DF3A6E}.Ad-Hoc|x64.Build.0 = Debug|Any CPU
		{0F94E1EF-69EA-4E32-B3A4-42F978DF3A6E}.Ad-Hoc|x86.ActiveCfg = Debug|Any CPU
		{0F94E1EF-69EA-4E32-B3A4-42F978DF3A6E}.Ad-Hoc|x86.Build.0 = Debug|Any CPU
		{0F94E1EF-69EA-4E32-B3A4-42F978DF3A6E}.AppStore|Any CPU.ActiveCfg = Debug|Any CPU
		{0F94E1EF-69EA-4E32-B3A4-42F978DF3A6E}.AppStore|Any CPU.Build.0 = Debug|Any CPU
		{0F94E1EF-69EA-4E32-B3A4-42F978DF3A6E}.AppStore|ARM.ActiveCfg = Debug|Any CPU
		{0F94E1EF-69EA-4E32-B3A4-42F978DF3A6E}.AppStore|ARM.Build.0 = Debug|Any CPU
		{0F94E1EF-69EA-4E32-B3A4-42F978DF3A6E}.AppStore|ARM64.ActiveCfg = Debug|Any CPU
		{0F94E1EF-69EA-4E32-B3A4-42F978DF3A6E}.AppStore|ARM64.Build.0 = Debug|Any CPU
		{0F94E1EF-69EA-4E32-B3A4-42F978DF3A6E}.AppStore|iPhone.ActiveCfg = Debug|Any CPU
		{0F94E1EF-69EA-4E32-B3A4-42F978DF3A6E}.AppStore|iPhone.Build.0 = Debug|Any CPU
		{0F94E1EF-69EA-4E32-B3A4-42F978DF3A6E}.AppStore|iPhoneSimulator.ActiveCfg = Debug|Any CPU
		{0F94E1EF-69EA-4E32-B3A4-42F978DF3A6E}.AppStore|iPhoneSimulator.Build.0 = Debug|Any CPU
		{0F94E1EF-69EA-4E32-B3A4-42F978DF3A6E}.AppStore|x64.ActiveCfg = Debug|Any CPU
		{0F94E1EF-69EA-4E32-B3A4-42F978DF3A6E}.AppStore|x64.Build.0 = Debug|Any CPU
		{0F94E1EF-69EA-4E32-B3A4-42F978DF3A6E}.AppStore|x86.ActiveCfg = Debug|Any CPU
		{0F94E1EF-69EA-4E32-B3A4-42F978DF3A6E}.AppStore|x86.Build.0 = Debug|Any CPU
		{0F94E1EF-69EA-4E32-B3A4-42F978DF3A6E}.Debug|Any CPU.ActiveCfg = Debug|Any CPU
		{0F94E1EF-69EA-4E32-B3A4-42F978DF3A6E}.Debug|Any CPU.Build.0 = Debug|Any CPU
		{0F94E1EF-69EA-4E32-B3A4-42F978DF3A6E}.Debug|ARM.ActiveCfg = Debug|Any CPU
		{0F94E1EF-69EA-4E32-B3A4-42F978DF3A6E}.Debug|ARM.Build.0 = Debug|Any CPU
		{0F94E1EF-69EA-4E32-B3A4-42F978DF3A6E}.Debug|ARM64.ActiveCfg = Debug|Any CPU
		{0F94E1EF-69EA-4E32-B3A4-42F978DF3A6E}.Debug|ARM64.Build.0 = Debug|Any CPU
		{0F94E1EF-69EA-4E32-B3A4-42F978DF3A6E}.Debug|iPhone.ActiveCfg = Debug|Any CPU
		{0F94E1EF-69EA-4E32-B3A4-42F978DF3A6E}.Debug|iPhone.Build.0 = Debug|Any CPU
		{0F94E1EF-69EA-4E32-B3A4-42F978DF3A6E}.Debug|iPhoneSimulator.ActiveCfg = Debug|Any CPU
		{0F94E1EF-69EA-4E32-B3A4-42F978DF3A6E}.Debug|iPhoneSimulator.Build.0 = Debug|Any CPU
		{0F94E1EF-69EA-4E32-B3A4-42F978DF3A6E}.Debug|x64.ActiveCfg = Debug|Any CPU
		{0F94E1EF-69EA-4E32-B3A4-42F978DF3A6E}.Debug|x64.Build.0 = Debug|Any CPU
		{0F94E1EF-69EA-4E32-B3A4-42F978DF3A6E}.Debug|x86.ActiveCfg = Debug|Any CPU
		{0F94E1EF-69EA-4E32-B3A4-42F978DF3A6E}.Debug|x86.Build.0 = Debug|Any CPU
		{0F94E1EF-69EA-4E32-B3A4-42F978DF3A6E}.Release|Any CPU.ActiveCfg = Release|Any CPU
		{0F94E1EF-69EA-4E32-B3A4-42F978DF3A6E}.Release|Any CPU.Build.0 = Release|Any CPU
		{0F94E1EF-69EA-4E32-B3A4-42F978DF3A6E}.Release|ARM.ActiveCfg = Release|Any CPU
		{0F94E1EF-69EA-4E32-B3A4-42F978DF3A6E}.Release|ARM.Build.0 = Release|Any CPU
		{0F94E1EF-69EA-4E32-B3A4-42F978DF3A6E}.Release|ARM64.ActiveCfg = Release|Any CPU
		{0F94E1EF-69EA-4E32-B3A4-42F978DF3A6E}.Release|ARM64.Build.0 = Release|Any CPU
		{0F94E1EF-69EA-4E32-B3A4-42F978DF3A6E}.Release|iPhone.ActiveCfg = Release|Any CPU
		{0F94E1EF-69EA-4E32-B3A4-42F978DF3A6E}.Release|iPhone.Build.0 = Release|Any CPU
		{0F94E1EF-69EA-4E32-B3A4-42F978DF3A6E}.Release|iPhoneSimulator.ActiveCfg = Release|Any CPU
		{0F94E1EF-69EA-4E32-B3A4-42F978DF3A6E}.Release|iPhoneSimulator.Build.0 = Release|Any CPU
		{0F94E1EF-69EA-4E32-B3A4-42F978DF3A6E}.Release|x64.ActiveCfg = Release|Any CPU
		{0F94E1EF-69EA-4E32-B3A4-42F978DF3A6E}.Release|x64.Build.0 = Release|Any CPU
		{0F94E1EF-69EA-4E32-B3A4-42F978DF3A6E}.Release|x86.ActiveCfg = Release|Any CPU
		{0F94E1EF-69EA-4E32-B3A4-42F978DF3A6E}.Release|x86.Build.0 = Release|Any CPU
		{4DA608DC-D60F-4515-AFC2-2522733C4956}.Ad-Hoc|Any CPU.ActiveCfg = Debug|Any CPU
		{4DA608DC-D60F-4515-AFC2-2522733C4956}.Ad-Hoc|Any CPU.Build.0 = Debug|Any CPU
		{4DA608DC-D60F-4515-AFC2-2522733C4956}.Ad-Hoc|ARM.ActiveCfg = Debug|Any CPU
		{4DA608DC-D60F-4515-AFC2-2522733C4956}.Ad-Hoc|ARM.Build.0 = Debug|Any CPU
		{4DA608DC-D60F-4515-AFC2-2522733C4956}.Ad-Hoc|ARM64.ActiveCfg = Debug|Any CPU
		{4DA608DC-D60F-4515-AFC2-2522733C4956}.Ad-Hoc|ARM64.Build.0 = Debug|Any CPU
		{4DA608DC-D60F-4515-AFC2-2522733C4956}.Ad-Hoc|iPhone.ActiveCfg = Debug|Any CPU
		{4DA608DC-D60F-4515-AFC2-2522733C4956}.Ad-Hoc|iPhone.Build.0 = Debug|Any CPU
		{4DA608DC-D60F-4515-AFC2-2522733C4956}.Ad-Hoc|iPhoneSimulator.ActiveCfg = Debug|Any CPU
		{4DA608DC-D60F-4515-AFC2-2522733C4956}.Ad-Hoc|iPhoneSimulator.Build.0 = Debug|Any CPU
		{4DA608DC-D60F-4515-AFC2-2522733C4956}.Ad-Hoc|x64.ActiveCfg = Debug|Any CPU
		{4DA608DC-D60F-4515-AFC2-2522733C4956}.Ad-Hoc|x64.Build.0 = Debug|Any CPU
		{4DA608DC-D60F-4515-AFC2-2522733C4956}.Ad-Hoc|x86.ActiveCfg = Debug|Any CPU
		{4DA608DC-D60F-4515-AFC2-2522733C4956}.Ad-Hoc|x86.Build.0 = Debug|Any CPU
		{4DA608DC-D60F-4515-AFC2-2522733C4956}.AppStore|Any CPU.ActiveCfg = Debug|Any CPU
		{4DA608DC-D60F-4515-AFC2-2522733C4956}.AppStore|Any CPU.Build.0 = Debug|Any CPU
		{4DA608DC-D60F-4515-AFC2-2522733C4956}.AppStore|ARM.ActiveCfg = Debug|Any CPU
		{4DA608DC-D60F-4515-AFC2-2522733C4956}.AppStore|ARM.Build.0 = Debug|Any CPU
		{4DA608DC-D60F-4515-AFC2-2522733C4956}.AppStore|ARM64.ActiveCfg = Debug|Any CPU
		{4DA608DC-D60F-4515-AFC2-2522733C4956}.AppStore|ARM64.Build.0 = Debug|Any CPU
		{4DA608DC-D60F-4515-AFC2-2522733C4956}.AppStore|iPhone.ActiveCfg = Debug|Any CPU
		{4DA608DC-D60F-4515-AFC2-2522733C4956}.AppStore|iPhone.Build.0 = Debug|Any CPU
		{4DA608DC-D60F-4515-AFC2-2522733C4956}.AppStore|iPhoneSimulator.ActiveCfg = Debug|Any CPU
		{4DA608DC-D60F-4515-AFC2-2522733C4956}.AppStore|iPhoneSimulator.Build.0 = Debug|Any CPU
		{4DA608DC-D60F-4515-AFC2-2522733C4956}.AppStore|x64.ActiveCfg = Debug|Any CPU
		{4DA608DC-D60F-4515-AFC2-2522733C4956}.AppStore|x64.Build.0 = Debug|Any CPU
		{4DA608DC-D60F-4515-AFC2-2522733C4956}.AppStore|x86.ActiveCfg = Debug|Any CPU
		{4DA608DC-D60F-4515-AFC2-2522733C4956}.AppStore|x86.Build.0 = Debug|Any CPU
		{4DA608DC-D60F-4515-AFC2-2522733C4956}.Debug|Any CPU.ActiveCfg = Debug|Any CPU
		{4DA608DC-D60F-4515-AFC2-2522733C4956}.Debug|Any CPU.Build.0 = Debug|Any CPU
		{4DA608DC-D60F-4515-AFC2-2522733C4956}.Debug|ARM.ActiveCfg = Debug|Any CPU
		{4DA608DC-D60F-4515-AFC2-2522733C4956}.Debug|ARM.Build.0 = Debug|Any CPU
		{4DA608DC-D60F-4515-AFC2-2522733C4956}.Debug|ARM64.ActiveCfg = Debug|Any CPU
		{4DA608DC-D60F-4515-AFC2-2522733C4956}.Debug|ARM64.Build.0 = Debug|Any CPU
		{4DA608DC-D60F-4515-AFC2-2522733C4956}.Debug|iPhone.ActiveCfg = Debug|Any CPU
		{4DA608DC-D60F-4515-AFC2-2522733C4956}.Debug|iPhone.Build.0 = Debug|Any CPU
		{4DA608DC-D60F-4515-AFC2-2522733C4956}.Debug|iPhoneSimulator.ActiveCfg = Debug|Any CPU
		{4DA608DC-D60F-4515-AFC2-2522733C4956}.Debug|iPhoneSimulator.Build.0 = Debug|Any CPU
		{4DA608DC-D60F-4515-AFC2-2522733C4956}.Debug|x64.ActiveCfg = Debug|Any CPU
		{4DA608DC-D60F-4515-AFC2-2522733C4956}.Debug|x64.Build.0 = Debug|Any CPU
		{4DA608DC-D60F-4515-AFC2-2522733C4956}.Debug|x86.ActiveCfg = Debug|Any CPU
		{4DA608DC-D60F-4515-AFC2-2522733C4956}.Debug|x86.Build.0 = Debug|Any CPU
		{4DA608DC-D60F-4515-AFC2-2522733C4956}.Release|Any CPU.ActiveCfg = Release|Any CPU
		{4DA608DC-D60F-4515-AFC2-2522733C4956}.Release|Any CPU.Build.0 = Release|Any CPU
		{4DA608DC-D60F-4515-AFC2-2522733C4956}.Release|ARM.ActiveCfg = Release|Any CPU
		{4DA608DC-D60F-4515-AFC2-2522733C4956}.Release|ARM.Build.0 = Release|Any CPU
		{4DA608DC-D60F-4515-AFC2-2522733C4956}.Release|ARM64.ActiveCfg = Release|Any CPU
		{4DA608DC-D60F-4515-AFC2-2522733C4956}.Release|ARM64.Build.0 = Release|Any CPU
		{4DA608DC-D60F-4515-AFC2-2522733C4956}.Release|iPhone.ActiveCfg = Release|Any CPU
		{4DA608DC-D60F-4515-AFC2-2522733C4956}.Release|iPhone.Build.0 = Release|Any CPU
		{4DA608DC-D60F-4515-AFC2-2522733C4956}.Release|iPhoneSimulator.ActiveCfg = Release|Any CPU
		{4DA608DC-D60F-4515-AFC2-2522733C4956}.Release|iPhoneSimulator.Build.0 = Release|Any CPU
		{4DA608DC-D60F-4515-AFC2-2522733C4956}.Release|x64.ActiveCfg = Release|Any CPU
		{4DA608DC-D60F-4515-AFC2-2522733C4956}.Release|x64.Build.0 = Release|Any CPU
		{4DA608DC-D60F-4515-AFC2-2522733C4956}.Release|x86.ActiveCfg = Release|Any CPU
		{4DA608DC-D60F-4515-AFC2-2522733C4956}.Release|x86.Build.0 = Release|Any CPU
	EndGlobalSection
	GlobalSection(SolutionProperties) = preSolution
		HideSolutionNode = FALSE
	EndGlobalSection
	GlobalSection(NestedProjects) = preSolution
		{ABD2D89E-FC74-4D17-9D97-2BB9614F052D} = {63931D52-AA51-466A-9AD4-6E4C0D2065C8}
		{8FB31794-5CD5-49D6-8869-7B5186717410} = {63931D52-AA51-466A-9AD4-6E4C0D2065C8}
		{FBD86429-CB44-447D-B82A-AEC52DE20985} = {63931D52-AA51-466A-9AD4-6E4C0D2065C8}
		{2950E7F3-59CF-452C-93E8-B1BAA9C902A1} = {63931D52-AA51-466A-9AD4-6E4C0D2065C8}
		{511A29ED-AE4E-4998-9BC2-C8C6C879FA1E} = {63931D52-AA51-466A-9AD4-6E4C0D2065C8}
		{8136994B-7448-4E4C-9030-633BD8ADD078} = {63931D52-AA51-466A-9AD4-6E4C0D2065C8}
		{AE2EE5A7-C756-40F4-ACE6-8BB584B0868D} = {63931D52-AA51-466A-9AD4-6E4C0D2065C8}
		{0F94E1EF-69EA-4E32-B3A4-42F978DF3A6E} = {63931D52-AA51-466A-9AD4-6E4C0D2065C8}
		{4DA608DC-D60F-4515-AFC2-2522733C4956} = {63931D52-AA51-466A-9AD4-6E4C0D2065C8}
	EndGlobalSection
	GlobalSection(ExtensibilityGlobals) = postSolution
		SolutionGuid = {2CD0BB26-D04F-411C-8178-F5F085687EBD}
	EndGlobalSection
EndGlobal
